
Microsoft Visual Studio Solution File, Format Version 12.00
# Visual Studio Version 17
VisualStudioVersion = 17.7.34024.191
MinimumVisualStudioVersion = 10.0.40219.1
Project("{FAE04EC0-301F-11D3-BF4B-00C04F79EFBC}") = "HW_C_Sharp_Events_FileSystem", "HW_C_Sharp_Events_FileSystem\HW_C_Sharp_Events_FileSystem.csproj", "{2386EFE0-A451-4B1A-AAD0-73C003576BAC}"
EndProject
Global
	GlobalSection(SolutionConfigurationPlatforms) = preSolution
		Debug|Any CPU = Debug|Any CPU
		Release|Any CPU = Release|Any CPU
	EndGlobalSection
	GlobalSection(ProjectConfigurationPlatforms) = postSolution
		{2386EFE0-A451-4B1A-AAD0-73C003576BAC}.Debug|Any CPU.ActiveCfg = Debug|Any CPU
		{2386EFE0-A451-4B1A-AAD0-73C003576BAC}.Debug|Any CPU.Build.0 = Debug|Any CPU
		{2386EFE0-A451-4B1A-AAD0-73C003576BAC}.Release|Any CPU.ActiveCfg = Release|Any CPU
		{2386EFE0-A451-4B1A-AAD0-73C003576BAC}.Release|Any CPU.Build.0 = Release|Any CPU
	EndGlobalSection
	GlobalSection(SolutionProperties) = preSolution
		HideSolutionNode = FALSE
	EndGlobalSection
	GlobalSection(ExtensibilityGlobals) = postSolution
		SolutionGuid = {A8A08BDB-7E10-44E2-87D1-021BD52F7910}
	EndGlobalSection
EndGlobal
